
Microsoft Visual Studio Solution File, Format Version 12.00
# Visual Studio Version 17
VisualStudioVersion = 17.14.37328.6
MinimumVisualStudioVersion = 10.0.40219.1
Project("{FAE04EC0-301F-11D3-BF4B-00C04F79EFBC}") = "LoadShedding.AppHost", "LoadShedding.AppHost\LoadShedding.AppHost.csproj", "{05DCC2F6-337D-4A04-8F00-B181717C4515}"
EndProject
Project("{FAE04EC0-301F-11D3-BF4B-00C04F79EFBC}") = "LoadShedding.ServiceDefaults", "LoadShedding.ServiceDefaults\LoadShedding.ServiceDefaults.csproj", "{CD7A19DE-B015-829A-FF2C-B2384603B3CB}"
EndProject
Project("{FAE04EC0-301F-11D3-BF4B-00C04F79EFBC}") = "LoadShedding.Middleware", "LoadShedding.Middleware\LoadShedding.Middleware.csproj", "{1D6F2EDE-03C5-44D7-8188-5285FAEFB62C}"
EndProject
Project("{FAE04EC0-301F-11D3-BF4B-00C04F79EFBC}") = "LoadShedding.Api", "LoadShedding.Api\LoadShedding.Api.csproj", "{4206AF9F-24D0-47D7-9545-C2455F633F54}"
EndProject
Global
	GlobalSection(SolutionConfigurationPlatforms) = preSolution
		Debug|Any CPU = Debug|Any CPU
		Debug|x64 = Debug|x64
		Debug|x86 = Debug|x86
		Release|Any CPU = Release|Any CPU
		Release|x64 = Release|x64
		Release|x86 = Release|x86
	EndGlobalSection
	GlobalSection(ProjectConfigurationPlatforms) = postSolution
		{05DCC2F6-337D-4A04-8F00-B181717C4515}.Debug|Any CPU.ActiveCfg = Debug|Any CPU
		{05DCC2F6-337D-4A04-8F00-B181717C4515}.Debug|Any CPU.Build.0 = Debug|Any CPU
		{05DCC2F6-337D-4A04-8F00-B181717C4515}.Debug|x64.ActiveCfg = Debug|Any CPU
		{05DCC2F6-337D-4A04-8F00-B181717C4515}.Debug|x64.Build.0 = Debug|Any CPU
		{05DCC2F6-337D-4A04-8F00-B181717C4515}.Debug|x86.ActiveCfg = Debug|Any CPU
		{05DCC2F6-337D-4A04-8F00-B181717C4515}.Debug|x86.Build.0 = Debug|Any CPU
		{05DCC2F6-337D-4A04-8F00-B181717C4515}.Release|Any CPU.ActiveCfg = Release|Any CPU
		{05DCC2F6-337D-4A04-8F00-B181717C4515}.Release|Any CPU.Build.0 = Release|Any CPU
		{05DCC2F6-337D-4A04-8F00-B181717C4515}.Release|x64.ActiveCfg = Release|Any CPU
		{05DCC2F6-337D-4A04-8F00-B181717C4515}.Release|x64.Build.0 = Release|Any CPU
		{05DCC2F6-337D-4A04-8F00-B181717C4515}.Release|x86.ActiveCfg = Release|Any CPU
		{05DCC2F6-337D-4A04-8F00-B181717C4515}.Release|x86.Build.0 = Release|Any CPU
		{CD7A19DE-B015-829A-FF2C-B2384603B3CB}.Debug|Any CPU.ActiveCfg = Debug|Any CPU
		{CD7A19DE-B015-829A-FF2C-B2384603B3CB}.Debug|Any CPU.Build.0 = Debug|Any CPU
		{CD7A19DE-B015-829A-FF2C-B2384603B3CB}.Debug|x64.ActiveCfg = Debug|Any CPU
		{CD7A19DE-B015-829A-FF2C-B2384603B3CB}.Debug|x64.Build.0 = Debug|Any CPU
		{CD7A19DE-B015-829A-FF2C-B2384603B3CB}.Debug|x86.ActiveCfg = Debug|Any CPU
		{CD7A19DE-B015-829A-FF2C-B2384603B3CB}.Debug|x86.Build.0 = Debug|Any CPU
		{CD7A19DE-B015-829A-FF2C-B2384603B3CB}.Release|Any CPU.ActiveCfg = Release|Any CPU
		{CD7A19DE-B015-829A-FF2C-B2384603B3CB}.Release|Any CPU.Build.0 = Release|Any CPU
		{CD7A19DE-B015-829A-FF2C-B2384603B3CB}.Release|x64.ActiveCfg = Release|Any CPU
		{CD7A19DE-B015-829A-FF2C-B2384603B3CB}.Release|x64.Build.0 = Release|Any CPU
		{CD7A19DE-B015-829A-FF2C-B2384603B3CB}.Release|x86.ActiveCfg = Release|Any CPU
		{CD7A19DE-B015-829A-FF2C-B2384603B3CB}.Release|x86.Build.0 = Release|Any CPU
		{1D6F2EDE-03C5-44D7-8188-5285FAEFB62C}.Debug|Any CPU.ActiveCfg = Debug|Any CPU
		{1D6F2EDE-03C5-44D7-8188-5285FAEFB62C}.Debug|Any CPU.Build.0 = Debug|Any CPU
		{1D6F2EDE-03C5-44D7-8188-5285FAEFB62C}.Debug|x64.ActiveCfg = Debug|Any CPU
		{1D6F2EDE-03C5-44D7-8188-5285FAEFB62C}.Debug|x64.Build.0 = Debug|Any CPU
		{1D6F2EDE-03C5-44D7-8188-5285FAEFB62C}.Debug|x86.ActiveCfg = Debug|Any CPU
		{1D6F2EDE-03C5-44D7-8188-5285FAEFB62C}.Debug|x86.Build.0 = Debug|Any CPU
		{1D6F2EDE-03C5-44D7-8188-5285FAEFB62C}.Release|Any CPU.ActiveCfg = Release|Any CPU
		{1D6F2EDE-03C5-44D7-8188-5285FAEFB62C}.Release|Any CPU.Build.0 = Release|Any CPU
		{1D6F2EDE-03C5-44D7-8188-5285FAEFB62C}.Release|x64.ActiveCfg = Release|Any CPU
		{1D6F2EDE-03C5-44D7-8188-5285FAEFB62C}.Release|x64.Build.0 = Release|Any CPU
		{1D6F2EDE-03C5-44D7-8188-5285FAEFB62C}.Release|x86.ActiveCfg = Release|Any CPU
		{1D6F2EDE-03C5-44D7-8188-5285FAEFB62C}.Release|x86.Build.0 = Release|Any CPU
		{4206AF9F-24D0-47D7-9545-C2455F633F54}.Debug|Any CPU.ActiveCfg = Debug|Any CPU
		{4206AF9F-24D0-47D7-9545-C2455F633F54}.Debug|Any CPU.Build.0 = Debug|Any CPU
		{4206AF9F-24D0-47D7-9545-C2455F633F54}.Debug|x64.ActiveCfg = Debug|Any CPU
		{4206AF9F-24D0-47D7-9545-C2455F633F54}.Debug|x64.Build.0 = Debug|Any CPU
		{4206AF9F-24D0-47D7-9545-C2455F633F54}.Debug|x86.ActiveCfg = Debug|Any CPU
		{4206AF9F-24D0-47D7-9545-C2455F633F54}.Debug|x86.Build.0 = Debug|Any CPU
		{4206AF9F-24D0-47D7-9545-C2455F633F54}.Release|Any CPU.ActiveCfg = Release|Any CPU
		{4206AF9F-24D0-47D7-9545-C2455F633F54}.Release|Any CPU.Build.0 = Release|Any CPU
		{4206AF9F-24D0-47D7-9545-C2455F633F54}.Release|x64.ActiveCfg = Release|Any CPU
		{4206AF9F-24D0-47D7-9545-C2455F633F54}.Release|x64.Build.0 = Release|Any CPU
		{4206AF9F-24D0-47D7-9545-C2455F633F54}.Release|x86.ActiveCfg = Release|Any CPU
		{4206AF9F-24D0-47D7-9545-C2455F633F54}.Release|x86.Build.0 = Release|Any CPU
	EndGlobalSection
	GlobalSection(SolutionProperties) = preSolution
		HideSolutionNode = FALSE
	EndGlobalSection
	GlobalSection(ExtensibilityGlobals) = postSolution
		SolutionGuid = {00ACD21E-6851-4B69-B215-107A7086D1E3}
	EndGlobalSection
EndGlobal
